
Microsoft Visual Studio Solution File, Format Version 12.00
# Visual Studio Version 17
VisualStudioVersion = 17.6.33801.468
MinimumVisualStudioVersion = 10.0.40219.1
Project("{9A19103F-16F7-4668-BE54-9A1E7A4F7556}") = "Victorina", "Victorina.csproj", "{6FA7BB74-D0DB-4C9F-A2A7-847B7AB655C9}"
EndProject
Global
	GlobalSection(SolutionConfigurationPlatforms) = preSolution
		Debug|Any CPU = Debug|Any CPU
		Release|Any CPU = Release|Any CPU
	EndGlobalSection
	GlobalSection(ProjectConfigurationPlatforms) = postSolution
		{6FA7BB74-D0DB-4C9F-A2A7-847B7AB655C9}.Debug|Any CPU.ActiveCfg = Debug|Any CPU
		{6FA7BB74-D0DB-4C9F-A2A7-847B7AB655C9}.Debug|Any CPU.Build.0 = Debug|Any CPU
		{6FA7BB74-D0DB-4C9F-A2A7-847B7AB655C9}.Release|Any CPU.ActiveCfg = Release|Any CPU
		{6FA7BB74-D0DB-4C9F-A2A7-847B7AB655C9}.Release|Any CPU.Build.0 = Release|Any CPU
	EndGlobalSection
	GlobalSection(SolutionProperties) = preSolution
		HideSolutionNode = FALSE
	EndGlobalSection
	GlobalSection(ExtensibilityGlobals) = postSolution
		SolutionGuid = {E4D77685-CE63-4769-9E2D-C30B7CEA695A}
	EndGlobalSection
EndGlobal
